
Microsoft Visual Studio Solution File, Format Version 12.00
# Visual Studio Version 16
VisualStudioVersion = 16.0.30413.136
MinimumVisualStudioVersion = 10.0.40219.1
Project("{FAE04EC0-301F-11D3-BF4B-00C04F79EFBC}") = "FormulaEvaluator", "FormulaEvaluator\FormulaEvaluator.csproj", "{47B099A4-2ECA-4D85-8727-F51D882D876B}"
EndProject
Project("{FAE04EC0-301F-11D3-BF4B-00C04F79EFBC}") = "Console Application", "Console Application\Console Application.csproj", "{06C53B4F-EC0F-4F53-923E-C0F4A9B97828}"
EndProject
Global
	GlobalSection(SolutionConfigurationPlatforms) = preSolution
		Debug|Any CPU = Debug|Any CPU
		Release|Any CPU = Release|Any CPU
	EndGlobalSection
	GlobalSection(ProjectConfigurationPlatforms) = postSolution
		{47B099A4-2ECA-4D85-8727-F51D882D876B}.Debug|Any CPU.ActiveCfg = Debug|Any CPU
		{47B099A4-2ECA-4D85-8727-F51D882D876B}.Debug|Any CPU.Build.0 = Debug|Any CPU
		{47B099A4-2ECA-4D85-8727-F51D882D876B}.Release|Any CPU.ActiveCfg = Release|Any CPU
		{47B099A4-2ECA-4D85-8727-F51D882D876B}.Release|Any CPU.Build.0 = Release|Any CPU
		{06C53B4F-EC0F-4F53-923E-C0F4A9B97828}.Debug|Any CPU.ActiveCfg = Debug|Any CPU
		{06C53B4F-EC0F-4F53-923E-C0F4A9B97828}.Debug|Any CPU.Build.0 = Debug|Any CPU
		{06C53B4F-EC0F-4F53-923E-C0F4A9B97828}.Release|Any CPU.ActiveCfg = Release|Any CPU
		{06C53B4F-EC0F-4F53-923E-C0F4A9B97828}.Release|Any CPU.Build.0 = Release|Any CPU
	EndGlobalSection
	GlobalSection(SolutionProperties) = preSolution
		HideSolutionNode = FALSE
	EndGlobalSection
	GlobalSection(ExtensibilityGlobals) = postSolution
		SolutionGuid = {DB0CECBE-AF7B-455C-AB80-B87B8403D7C4}
	EndGlobalSection
EndGlobal
